{
  "version": 4,
  "terraform_version": "1.11.0",
  "serial": 1572,
  "lineage": "d17d2890-b341-feea-ad11-f3f777547e1e",
  "outputs": {},
  "resources": [
    {
      "mode": "data",
      "type": "template_file",
      "name": "all_yml",
      "provider": "provider[\"registry.terraform.io/hashicorp/template\"]",
      "instances": [
        {
          "schema_version": 0,
          "attributes": {
            "filename": null,
            "id": "cc6de8c0a4f1ba6d7289de22b49916f342074d0ec5ae06c714a5b960f92f40b1",
            "rendered": "nginx_public_ip: \"3.101.58.109\"\r\nbastion_private_ip: \"10.0.1.92\"\r\nwebserver_private_ip: \"10.0.2.181\"\r\ncontrol_server_private_ip: \"10.0.1.231\"\r\ncontrol_server_public_ip: \"13.56.59.138\"\r\n",
            "template": "nginx_public_ip: \"${nginx_public_ip}\"\r\nbastion_private_ip: \"${bastion_private_ip}\"\r\nwebserver_private_ip: \"${webserver_private_ip}\"\r\ncontrol_server_private_ip: \"${control_server_private_ip}\"\r\ncontrol_server_public_ip: \"${control_server_public_ip}\"\r\n",
            "vars": {
              "bastion_private_ip": "10.0.1.92",
              "control_server_private_ip": "10.0.1.231",
              "control_server_public_ip": "13.56.59.138",
              "nginx_public_ip": "3.101.58.109",
              "webserver_private_ip": "10.0.2.181"
            }
          },
          "sensitive_attributes": []
        }
      ]
    },
    {
      "mode": "data",
      "type": "template_file",
      "name": "inventory_ini",
      "provider": "provider[\"registry.terraform.io/hashicorp/template\"]",
      "instances": [
        {
          "schema_version": 0,
          "attributes": {
            "filename": null,
            "id": "1c92419da0b7273b0a6ec7f46c57f0271036844ffd8f10dc1f809e83aa052b94",
            "rendered": "all:\r\n  vars:\r\n    ansible_python_interpreter: /usr/bin/python3\r\n\r\n  children:\r\n    bastion:\r\n      hosts:\r\n        bastion:\r\n          ansible_host: 10.0.1.92\r\n          ansible_user: ubuntu\r\n          ansible_ssh_private_key_file: ./keys/bastion_key\r\n\r\n    nginx:\r\n      hosts:\r\n        nginx:\r\n          ansible_host: 3.101.58.109\r\n          ansible_user: ubuntu\r\n          ansible_ssh_private_key_file: ./keys/nginx_key\r\n\r\n    webservers:\r\n      hosts:\r\n        webserver:\r\n          ansible_host: 10.0.2.181\r\n          ansible_user: ec2-user\r\n          ansible_ssh_private_key_file: ./keys/web_server_key\r\n          ansible_ssh_common_args: '-o ProxyCommand=\"ssh -W %h:%p -q ubuntu@10.0.1.92 -o StrictHostKeyChecking=no -i ./keys/bastion_key\"'\r\n",
            "template": "all:\r\n  vars:\r\n    ansible_python_interpreter: /usr/bin/python3\r\n\r\n  children:\r\n    bastion:\r\n      hosts:\r\n        bastion:\r\n          ansible_host: ${bastion_private_ip}\r\n          ansible_user: ubuntu\r\n          ansible_ssh_private_key_file: ./keys/bastion_key\r\n\r\n    nginx:\r\n      hosts:\r\n        nginx:\r\n          ansible_host: ${nginx_public_ip}\r\n          ansible_user: ubuntu\r\n          ansible_ssh_private_key_file: ./keys/nginx_key\r\n\r\n    webservers:\r\n      hosts:\r\n        webserver:\r\n          ansible_host: ${webserver_private_ip}\r\n          ansible_user: ec2-user\r\n          ansible_ssh_private_key_file: ./keys/web_server_key\r\n          ansible_ssh_common_args: '-o ProxyCommand=\"ssh -W %h:%p -q ubuntu@${bastion_private_ip} -o StrictHostKeyChecking=no -i ./keys/bastion_key\"'\r\n",
            "vars": {
              "bastion_private_ip": "10.0.1.92",
              "control_server_private_ip": "10.0.1.231",
              "nginx_public_ip": "3.101.58.109",
              "webserver_private_ip": "10.0.2.181"
            }
          },
          "sensitive_attributes": []
        }
      ]
    },
    {
      "mode": "managed",
      "type": "aws_eip",
      "name": "nat_eip",
      "provider": "provider[\"registry.terraform.io/hashicorp/aws\"]",
      "instances": [
        {
          "schema_version": 0,
          "attributes": {
            "address": null,
            "allocation_id": "eipalloc-0ce43cd15d7b138a8",
            "arn": "arn:aws:ec2:us-west-1:717279704110:elastic-ip/eipalloc-0ce43cd15d7b138a8",
            "associate_with_private_ip": null,
            "association_id": "",
            "carrier_ip": "",
            "customer_owned_ip": "",
            "customer_owned_ipv4_pool": "",
            "domain": "vpc",
            "id": "eipalloc-0ce43cd15d7b138a8",
            "instance": "",
            "ipam_pool_id": null,
            "network_border_group": "us-west-1",
            "network_interface": "",
            "private_dns": null,
            "private_ip": "",
            "ptr_record": "",
            "public_dns": "ec2-13-52-28-143.us-west-1.compute.amazonaws.com",
            "public_ip": "13.52.28.143",
            "public_ipv4_pool": "amazon",
            "tags": {
              "Name": "BigIronNATEIP"
            },
            "tags_all": {
              "Name": "BigIronNATEIP"
            },
            "timeouts": null,
            "vpc": true
          },
          "sensitive_attributes": [],
          "private": "eyJlMmJmYjczMC1lY2FhLTExZTYtOGY4OC0zNDM2M2JjN2M0YzAiOnsiZGVsZXRlIjoxODAwMDAwMDAwMDAsInJlYWQiOjkwMDAwMDAwMDAwMCwidXBkYXRlIjozMDAwMDAwMDAwMDB9fQ=="
        }
      ]
    },
    {
      "mode": "managed",
      "type": "aws_iam_instance_profile",
      "name": "control_server_profile",
      "provider": "provider[\"registry.terraform.io/hashicorp/aws\"]",
      "instances": [
        {
          "schema_version": 0,
          "attributes": {
            "arn": "arn:aws:iam::717279704110:instance-profile/big-iron-ansible-instance-profile",
            "create_date": "2025-04-02T20:24:58Z",
            "id": "big-iron-ansible-instance-profile",
            "name": "big-iron-ansible-instance-profile",
            "name_prefix": "",
            "path": "/",
            "role": "big-iron-ansible-role",
            "tags": null,
            "tags_all": {},
            "unique_id": "AIPA2OAJTWQXCDWJFFCRO"
          },
          "sensitive_attributes": [],
          "private": "bnVsbA=="
        }
      ]
    },
    {
      "mode": "managed",
      "type": "aws_instance",
      "name": "bastion-server",
      "provider": "provider[\"registry.terraform.io/hashicorp/aws\"]",
      "instances": [
        {
          "schema_version": 1,
          "attributes": {
            "ami": "ami-07d2649d67dbe8900",
            "arn": "arn:aws:ec2:us-west-1:717279704110:instance/i-0a29f8ab0ce72052b",
            "associate_public_ip_address": true,
            "availability_zone": "us-west-1a",
            "capacity_reservation_specification": [
              {
                "capacity_reservation_preference": "open",
                "capacity_reservation_target": []
              }
            ],
            "cpu_core_count": 1,
            "cpu_options": [
              {
                "amd_sev_snp": "",
                "core_count": 1,
                "threads_per_core": 1
              }
            ],
            "cpu_threads_per_core": 1,
            "credit_specification": [
              {
                "cpu_credits": "standard"
              }
            ],
            "disable_api_stop": false,
            "disable_api_termination": false,
            "ebs_block_device": [],
            "ebs_optimized": false,
            "enable_primary_ipv6": null,
            "enclave_options": [
              {
                "enabled": false
              }
            ],
            "ephemeral_block_device": [],
            "get_password_data": false,
            "hibernation": false,
            "host_id": "",
            "host_resource_group_arn": null,
            "iam_instance_profile": "",
            "id": "i-0a29f8ab0ce72052b",
            "instance_initiated_shutdown_behavior": "stop",
            "instance_lifecycle": "",
            "instance_market_options": [],
            "instance_state": "running",
            "instance_type": "t2.micro",
            "ipv6_address_count": 0,
            "ipv6_addresses": [],
            "key_name": "bastion-key",
            "launch_template": [],
            "maintenance_options": [
              {
                "auto_recovery": "default"
              }
            ],
            "metadata_options": [
              {
                "http_endpoint": "enabled",
                "http_protocol_ipv6": "disabled",
                "http_put_response_hop_limit": 2,
                "http_tokens": "required",
                "instance_metadata_tags": "disabled"
              }
            ],
            "monitoring": false,
            "network_interface": [],
            "outpost_arn": "",
            "password_data": "",
            "placement_group": "",
            "placement_partition_number": 0,
            "primary_network_interface_id": "eni-0aea82e32227f9b0c",
            "private_dns": "ip-10-0-1-92.us-west-1.compute.internal",
            "private_dns_name_options": [
              {
                "enable_resource_name_dns_a_record": false,
                "enable_resource_name_dns_aaaa_record": false,
                "hostname_type": "ip-name"
              }
            ],
            "private_ip": "10.0.1.92",
            "public_dns": "ec2-50-18-243-73.us-west-1.compute.amazonaws.com",
            "public_ip": "50.18.243.73",
            "root_block_device": [
              {
                "delete_on_termination": true,
                "device_name": "/dev/sda1",
                "encrypted": false,
                "iops": 3000,
                "kms_key_id": "",
                "tags": {},
                "tags_all": {},
                "throughput": 125,
                "volume_id": "vol-006e50a9c0e110854",
                "volume_size": 8,
                "volume_type": "gp3"
              }
            ],
            "secondary_private_ips": [],
            "security_groups": [],
            "source_dest_check": true,
            "spot_instance_request_id": "",
            "subnet_id": "subnet-00621b26440bb767b",
            "tags": {
              "Name": "BastionHost"
            },
            "tags_all": {
              "Name": "BastionHost"
            },
            "tenancy": "default",
            "timeouts": null,
            "user_data": null,
            "user_data_base64": null,
            "user_data_replace_on_change": false,
            "volume_tags": null,
            "vpc_security_group_ids": [
              "sg-01c067c3f5a1413cc"
            ]
          },
          "sensitive_attributes": [],
          "private": "eyJlMmJmYjczMC1lY2FhLTExZTYtOGY4OC0zNDM2M2JjN2M0YzAiOnsiY3JlYXRlIjo2MDAwMDAwMDAwMDAsImRlbGV0ZSI6MTIwMDAwMDAwMDAwMCwicmVhZCI6OTAwMDAwMDAwMDAwLCJ1cGRhdGUiOjYwMDAwMDAwMDAwMH0sInNjaGVtYV92ZXJzaW9uIjoiMSJ9",
          "dependencies": [
            "aws_security_group.bastion_sg",
            "aws_subnet.public_subnet",
            "aws_vpc.big_iron_vpc"
          ]
        }
      ]
    },
    {
      "mode": "managed",
      "type": "aws_instance",
      "name": "control-server",
      "provider": "provider[\"registry.terraform.io/hashicorp/aws\"]",
      "instances": [
        {
          "schema_version": 1,
          "attributes": {
            "ami": "ami-01eb4eefd88522422",
            "arn": "arn:aws:ec2:us-west-1:717279704110:instance/i-0389a7e68de1d27a7",
            "associate_public_ip_address": true,
            "availability_zone": "us-west-1a",
            "capacity_reservation_specification": [
              {
                "capacity_reservation_preference": "open",
                "capacity_reservation_target": []
              }
            ],
            "cpu_core_count": 1,
            "cpu_options": [
              {
                "amd_sev_snp": "",
                "core_count": 1,
                "threads_per_core": 1
              }
            ],
            "cpu_threads_per_core": 1,
            "credit_specification": [
              {
                "cpu_credits": "standard"
              }
            ],
            "disable_api_stop": false,
            "disable_api_termination": false,
            "ebs_block_device": [],
            "ebs_optimized": false,
            "enable_primary_ipv6": null,
            "enclave_options": [
              {
                "enabled": false
              }
            ],
            "ephemeral_block_device": [],
            "get_password_data": false,
            "hibernation": false,
            "host_id": "",
            "host_resource_group_arn": null,
            "iam_instance_profile": "big-iron-ansible-instance-profile",
            "id": "i-0389a7e68de1d27a7",
            "instance_initiated_shutdown_behavior": "stop",
            "instance_lifecycle": "",
            "instance_market_options": [],
            "instance_state": "running",
            "instance_type": "t2.micro",
            "ipv6_address_count": 0,
            "ipv6_addresses": [],
            "key_name": "control-server-key",
            "launch_template": [],
            "maintenance_options": [
              {
                "auto_recovery": "default"
              }
            ],
            "metadata_options": [
              {
                "http_endpoint": "enabled",
                "http_protocol_ipv6": "disabled",
                "http_put_response_hop_limit": 2,
                "http_tokens": "required",
                "instance_metadata_tags": "disabled"
              }
            ],
            "monitoring": false,
            "network_interface": [],
            "outpost_arn": "",
            "password_data": "",
            "placement_group": "",
            "placement_partition_number": 0,
            "primary_network_interface_id": "eni-07965f149fd61bdfe",
            "private_dns": "ip-10-0-1-231.us-west-1.compute.internal",
            "private_dns_name_options": [
              {
                "enable_resource_name_dns_a_record": false,
                "enable_resource_name_dns_aaaa_record": false,
                "hostname_type": "ip-name"
              }
            ],
            "private_ip": "10.0.1.231",
            "public_dns": "ec2-13-56-59-138.us-west-1.compute.amazonaws.com",
            "public_ip": "13.56.59.138",
            "root_block_device": [
              {
                "delete_on_termination": true,
                "device_name": "/dev/xvda",
                "encrypted": false,
                "iops": 3000,
                "kms_key_id": "",
                "tags": {},
                "tags_all": {},
                "throughput": 125,
                "volume_id": "vol-0fd8e53dcf2b22c09",
                "volume_size": 8,
                "volume_type": "gp3"
              }
            ],
            "secondary_private_ips": [],
            "security_groups": [],
            "source_dest_check": true,
            "spot_instance_request_id": "",
            "subnet_id": "subnet-00621b26440bb767b",
            "tags": {
              "Name": "ControlHost"
            },
            "tags_all": {
              "Name": "ControlHost"
            },
            "tenancy": "default",
            "timeouts": null,
            "user_data": "bb5bbdad244fe26046503f1e3684edf9f2857b2c",
            "user_data_base64": null,
            "user_data_replace_on_change": false,
            "volume_tags": null,
            "vpc_security_group_ids": [
              "sg-08aa37537dbc3a1f8"
            ]
          },
          "sensitive_attributes": [],
          "private": "eyJlMmJmYjczMC1lY2FhLTExZTYtOGY4OC0zNDM2M2JjN2M0YzAiOnsiY3JlYXRlIjo2MDAwMDAwMDAwMDAsImRlbGV0ZSI6MTIwMDAwMDAwMDAwMCwicmVhZCI6OTAwMDAwMDAwMDAwLCJ1cGRhdGUiOjYwMDAwMDAwMDAwMH0sInNjaGVtYV92ZXJzaW9uIjoiMSJ9",
          "dependencies": [
            "aws_iam_instance_profile.control_server_profile",
            "aws_security_group.control_sg",
            "aws_subnet.public_subnet",
            "aws_vpc.big_iron_vpc"
          ]
        }
      ]
    },
    {
      "mode": "managed",
      "type": "aws_instance",
      "name": "nginx-server",
      "provider": "provider[\"registry.terraform.io/hashicorp/aws\"]",
      "instances": [
        {
          "schema_version": 1,
          "attributes": {
            "ami": "ami-07d2649d67dbe8900",
            "arn": "arn:aws:ec2:us-west-1:717279704110:instance/i-0e755bf22ee5d6b9a",
            "associate_public_ip_address": true,
            "availability_zone": "us-west-1a",
            "capacity_reservation_specification": [
              {
                "capacity_reservation_preference": "open",
                "capacity_reservation_target": []
              }
            ],
            "cpu_core_count": 1,
            "cpu_options": [
              {
                "amd_sev_snp": "",
                "core_count": 1,
                "threads_per_core": 1
              }
            ],
            "cpu_threads_per_core": 1,
            "credit_specification": [
              {
                "cpu_credits": "standard"
              }
            ],
            "disable_api_stop": false,
            "disable_api_termination": false,
            "ebs_block_device": [],
            "ebs_optimized": false,
            "enable_primary_ipv6": null,
            "enclave_options": [
              {
                "enabled": false
              }
            ],
            "ephemeral_block_device": [],
            "get_password_data": false,
            "hibernation": false,
            "host_id": "",
            "host_resource_group_arn": null,
            "iam_instance_profile": "",
            "id": "i-0e755bf22ee5d6b9a",
            "instance_initiated_shutdown_behavior": "stop",
            "instance_lifecycle": "",
            "instance_market_options": [],
            "instance_state": "running",
            "instance_type": "t2.micro",
            "ipv6_address_count": 0,
            "ipv6_addresses": [],
            "key_name": "nginx-key",
            "launch_template": [],
            "maintenance_options": [
              {
                "auto_recovery": "default"
              }
            ],
            "metadata_options": [
              {
                "http_endpoint": "enabled",
                "http_protocol_ipv6": "disabled",
                "http_put_response_hop_limit": 2,
                "http_tokens": "required",
                "instance_metadata_tags": "disabled"
              }
            ],
            "monitoring": false,
            "network_interface": [],
            "outpost_arn": "",
            "password_data": "",
            "placement_group": "",
            "placement_partition_number": 0,
            "primary_network_interface_id": "eni-08072d7ff8c9b6d21",
            "private_dns": "ip-10-0-1-88.us-west-1.compute.internal",
            "private_dns_name_options": [
              {
                "enable_resource_name_dns_a_record": false,
                "enable_resource_name_dns_aaaa_record": false,
                "hostname_type": "ip-name"
              }
            ],
            "private_ip": "10.0.1.88",
            "public_dns": "ec2-3-101-58-109.us-west-1.compute.amazonaws.com",
            "public_ip": "3.101.58.109",
            "root_block_device": [
              {
                "delete_on_termination": true,
                "device_name": "/dev/sda1",
                "encrypted": false,
                "iops": 3000,
                "kms_key_id": "",
                "tags": {},
                "tags_all": {},
                "throughput": 125,
                "volume_id": "vol-041b5f2c7d31d7d45",
                "volume_size": 8,
                "volume_type": "gp3"
              }
            ],
            "secondary_private_ips": [],
            "security_groups": [],
            "source_dest_check": true,
            "spot_instance_request_id": "",
            "subnet_id": "subnet-00621b26440bb767b",
            "tags": {
              "Name": "nginxHost"
            },
            "tags_all": {
              "Name": "nginxHost"
            },
            "tenancy": "default",
            "timeouts": null,
            "user_data": null,
            "user_data_base64": null,
            "user_data_replace_on_change": false,
            "volume_tags": null,
            "vpc_security_group_ids": [
              "sg-021d93745a966f80f"
            ]
          },
          "sensitive_attributes": [],
          "private": "eyJlMmJmYjczMC1lY2FhLTExZTYtOGY4OC0zNDM2M2JjN2M0YzAiOnsiY3JlYXRlIjo2MDAwMDAwMDAwMDAsImRlbGV0ZSI6MTIwMDAwMDAwMDAwMCwicmVhZCI6OTAwMDAwMDAwMDAwLCJ1cGRhdGUiOjYwMDAwMDAwMDAwMH0sInNjaGVtYV92ZXJzaW9uIjoiMSJ9",
          "dependencies": [
            "aws_security_group.nginx_sg",
            "aws_subnet.public_subnet",
            "aws_vpc.big_iron_vpc"
          ]
        }
      ]
    },
    {
      "mode": "managed",
      "type": "aws_instance",
      "name": "web-server",
      "provider": "provider[\"registry.terraform.io/hashicorp/aws\"]",
      "instances": [
        {
          "schema_version": 1,
          "attributes": {
            "ami": "ami-0e614a6ae5310b145",
            "arn": "arn:aws:ec2:us-west-1:717279704110:instance/i-06c796cad3fc4d2ad",
            "associate_public_ip_address": false,
            "availability_zone": "us-west-1a",
            "capacity_reservation_specification": [
              {
                "capacity_reservation_preference": "open",
                "capacity_reservation_target": []
              }
            ],
            "cpu_core_count": 1,
            "cpu_options": [
              {
                "amd_sev_snp": "",
                "core_count": 1,
                "threads_per_core": 1
              }
            ],
            "cpu_threads_per_core": 1,
            "credit_specification": [
              {
                "cpu_credits": "standard"
              }
            ],
            "disable_api_stop": false,
            "disable_api_termination": false,
            "ebs_block_device": [],
            "ebs_optimized": false,
            "enable_primary_ipv6": null,
            "enclave_options": [
              {
                "enabled": false
              }
            ],
            "ephemeral_block_device": [],
            "get_password_data": false,
            "hibernation": false,
            "host_id": "",
            "host_resource_group_arn": null,
            "iam_instance_profile": "",
            "id": "i-06c796cad3fc4d2ad",
            "instance_initiated_shutdown_behavior": "stop",
            "instance_lifecycle": "",
            "instance_market_options": [],
            "instance_state": "running",
            "instance_type": "t2.micro",
            "ipv6_address_count": 0,
            "ipv6_addresses": [],
            "key_name": "web-server-key",
            "launch_template": [],
            "maintenance_options": [
              {
                "auto_recovery": "default"
              }
            ],
            "metadata_options": [
              {
                "http_endpoint": "enabled",
                "http_protocol_ipv6": "disabled",
                "http_put_response_hop_limit": 2,
                "http_tokens": "required",
                "instance_metadata_tags": "disabled"
              }
            ],
            "monitoring": false,
            "network_interface": [],
            "outpost_arn": "",
            "password_data": "",
            "placement_group": "",
            "placement_partition_number": 0,
            "primary_network_interface_id": "eni-0431055cbe53fd333",
            "private_dns": "ip-10-0-2-181.us-west-1.compute.internal",
            "private_dns_name_options": [
              {
                "enable_resource_name_dns_a_record": false,
                "enable_resource_name_dns_aaaa_record": false,
                "hostname_type": "ip-name"
              }
            ],
            "private_ip": "10.0.2.181",
            "public_dns": "",
            "public_ip": "",
            "root_block_device": [
              {
                "delete_on_termination": true,
                "device_name": "/dev/sda1",
                "encrypted": false,
                "iops": 3000,
                "kms_key_id": "",
                "tags": {},
                "tags_all": {},
                "throughput": 125,
                "volume_id": "vol-03161a84837b6925a",
                "volume_size": 10,
                "volume_type": "gp3"
              }
            ],
            "secondary_private_ips": [],
            "security_groups": [],
            "source_dest_check": true,
            "spot_instance_request_id": "",
            "subnet_id": "subnet-0d97dcc1c0fe4c2e3",
            "tags": {
              "Name": "serverHost"
            },
            "tags_all": {
              "Name": "serverHost"
            },
            "tenancy": "default",
            "timeouts": null,
            "user_data": null,
            "user_data_base64": null,
            "user_data_replace_on_change": false,
            "volume_tags": null,
            "vpc_security_group_ids": [
              "sg-0cf55ea152df0deed"
            ]
          },
          "sensitive_attributes": [],
          "private": "eyJlMmJmYjczMC1lY2FhLTExZTYtOGY4OC0zNDM2M2JjN2M0YzAiOnsiY3JlYXRlIjo2MDAwMDAwMDAwMDAsImRlbGV0ZSI6MTIwMDAwMDAwMDAwMCwicmVhZCI6OTAwMDAwMDAwMDAwLCJ1cGRhdGUiOjYwMDAwMDAwMDAwMH0sInNjaGVtYV92ZXJzaW9uIjoiMSJ9",
          "dependencies": [
            "aws_security_group.bastion_sg",
            "aws_security_group.nginx_sg",
            "aws_security_group.web_sg",
            "aws_subnet.private_subnet",
            "aws_vpc.big_iron_vpc"
          ]
        }
      ]
    },
    {
      "mode": "managed",
      "type": "aws_internet_gateway",
      "name": "big_iron_igw",
      "provider": "provider[\"registry.terraform.io/hashicorp/aws\"]",
      "instances": [
        {
          "schema_version": 0,
          "attributes": {
            "arn": "arn:aws:ec2:us-west-1:717279704110:internet-gateway/igw-0015514d816ae32f8",
            "id": "igw-0015514d816ae32f8",
            "owner_id": "717279704110",
            "tags": {
              "Name": "BigIronInternetGateway"
            },
            "tags_all": {
              "Name": "BigIronInternetGateway"
            },
            "timeouts": null,
            "vpc_id": "vpc-0cbed414207b11ec0"
          },
          "sensitive_attributes": [],
          "private": "eyJlMmJmYjczMC1lY2FhLTExZTYtOGY4OC0zNDM2M2JjN2M0YzAiOnsiY3JlYXRlIjoxMjAwMDAwMDAwMDAwLCJkZWxldGUiOjEyMDAwMDAwMDAwMDAsInVwZGF0ZSI6MTIwMDAwMDAwMDAwMH19",
          "dependencies": [
            "aws_vpc.big_iron_vpc"
          ]
        }
      ]
    },
    {
      "mode": "managed",
      "type": "aws_key_pair",
      "name": "bastion_key",
      "provider": "provider[\"registry.terraform.io/hashicorp/aws\"]",
      "instances": [
        {
          "schema_version": 1,
          "attributes": {
            "arn": "arn:aws:ec2:us-west-1:717279704110:key-pair/bastion-key",
            "fingerprint": "2d:22:da:54:c0:d7:c1:83:99:e3:3a:07:0a:bd:32:28",
            "id": "bastion-key",
            "key_name": "bastion-key",
            "key_name_prefix": "",
            "key_pair_id": "key-0fc7bff9cd44ee817",
            "key_type": "rsa",
            "public_key": "ssh-rsa AAAAB3NzaC1yc2EAAAADAQABAAACAQCi6NVDnC6HPgdAcQ913LcyymJJ5EOSJo61dGsXOu5YuoUBVTt1VcU3acGRphyWE2JpHQKh7+GW0REMkzZMr0JFT2PMi9L5KvwAnFwV0tUE5LTA8kgDDipIuvja4H3QgCal3jtdG0Poi0mlj+GKiEMVpdd8Jv0Hek+O3Yi7RwbXfTKl2yMO7Cdp6n9RfKiBJ/70qQGt8OAK/Yot3aP3OWQGbJcrSWgbOQ/QkoKhmqH2bcdrqnmmnz9TAhSEUgQyu1iMjb8REEVxCcAL2GfR66/PQOPRT+rDOxVwXm+P+NAA3qsSC/N+5fLCndhiw48ZTWeBhi8Mxbvf676PtHtBE4Xtykl9RpTmnkTdKeOqjDllWrX5fkIyWwwAXtyryO2Oq7W2NfyviPsFVzszZquM+FqXYmWle6wlHEC9egx2nu6SnTjAqHgCBiR9Mf69w/a+73w28qc9dDJnvetYIug4REr6V601LFqb5XnLg5toQRj5iQ/H8P/yH+AssJiSslB3xtJ4cBh0HfY/tu5lbU+6jSV0tTT/ATVal37GKSBtiQ3riolJhW32ApH897hUEZhclj7yoSs1KJcqLkUPp2wKbP7jGfGUEkbPG8q4CmdwWy42vsaKl/ItO5nShxBtF7HdC5KBLVqiZIQs29u1yRYU8OD98N/oth4Sn3fp0AbBxTY9ow== Lenovo@DESKTOP-LN4L6JT",
            "tags": null,
            "tags_all": {}
          },
          "sensitive_attributes": [],
          "private": "eyJzY2hlbWFfdmVyc2lvbiI6IjEifQ=="
        }
      ]
    },
    {
      "mode": "managed",
      "type": "aws_key_pair",
      "name": "control_server_key",
      "provider": "provider[\"registry.terraform.io/hashicorp/aws\"]",
      "instances": [
        {
          "schema_version": 1,
          "attributes": {
            "arn": "arn:aws:ec2:us-west-1:717279704110:key-pair/control-server-key",
            "fingerprint": "12:dc:8f:d7:d8:e0:de:a7:6e:d3:b6:4f:07:bd:5e:dc",
            "id": "control-server-key",
            "key_name": "control-server-key",
            "key_name_prefix": "",
            "key_pair_id": "key-0fc4cdac7c66d117c",
            "key_type": "rsa",
            "public_key": "ssh-rsa AAAAB3NzaC1yc2EAAAADAQABAAACAQCynU2W/nNtEf+PcRh2V0GF3ZkSokIGZyVVMu//BiH/kXPeW7X6ZsLyHBNfzdi/+Soh/LJWxm67FbBpVaaOyds7TdejQLMZcymUxs1K+qCPKcem76GoTp+Vbd6Wx4l7lRyHONCM5V94uPZvM55BuR8+AA/y3nWDUI/WKzx7kWuSHei/EF5u7SD1kUfJOXDXz+7W3pDKtxfCkNxXY+v+X65nTGn1dcz1ywSORQDpj5dcjRYRdgUhdDl6OxMoEQ/V9ciYO6tZbks6qsVdwF543KEaU3xhogm0i0kFZPR4oWouzUret83bwJxsJnVXGMfEXQxu9oDXyjPGy/QlQ3WGGDogYaCAqRA5HvT1fYsF5hgeFX3dvPMJo5CXK2zBWXjClPmKGD2JNZ0nB886miG2BMdI08OC8IiWjWFyl7AlhHLCkxP3cCP8VXQpMTgrHXc2XfeC+Z5Lho+5a6/VYz3dZGaPGwTZAR7LgJt2TXLFlw2ez39rAsoO6DLkHxevz0RzrqvyKbFYXjI8Migh6BHX8Hf51pGFpLOOLyhd9TbNU0dOLDvQiOdW468FcJEgT3Qh3Xj63Zy0KAV3ABtNDx5rq+uWmBA49bYkjs3P5XsLCpA7fNjzNMqVzQjhoyHj8sNR1m6qRo4RLGRmIlzQC8AVbv70Kr0qQRltgSUK76uX5gRq3w== Lenovo@DESKTOP-LN4L6JT",
            "tags": null,
            "tags_all": {}
          },
          "sensitive_attributes": [],
          "private": "eyJzY2hlbWFfdmVyc2lvbiI6IjEifQ=="
        }
      ]
    },
    {
      "mode": "managed",
      "type": "aws_key_pair",
      "name": "nginx_key",
      "provider": "provider[\"registry.terraform.io/hashicorp/aws\"]",
      "instances": [
        {
          "schema_version": 1,
          "attributes": {
            "arn": "arn:aws:ec2:us-west-1:717279704110:key-pair/nginx-key",
            "fingerprint": "17:9e:bb:dc:6f:7f:ea:c4:66:ae:29:d7:ea:7c:41:7b",
            "id": "nginx-key",
            "key_name": "nginx-key",
            "key_name_prefix": "",
            "key_pair_id": "key-05d0a3923edb0699f",
            "key_type": "rsa",
            "public_key": "ssh-rsa AAAAB3NzaC1yc2EAAAADAQABAAACAQCv4CkjDJs7URlDeTCFhvVRGT3/3fZ6CzTuw3HMSD0sbmjzL5s9PIHsj9fDqh8F0U1d5VDEvayGElwwUC3lyPpVXvWhaoljrUWnDsTHx7LNil9JoVuTD2TSy8+bP8wGfzcsYcOcNzhg91gdMTpXPm2n6SCCdn9MIa2HqA6khkblAljjsMwtzZkCwXIPs6ZnrFpMYUKoFJaYdfSEE/lTa49gJggwJeQh7DLi5WjP4Xc00s6TgMfvW5KaurYhE/6SmdSGhuWi77yPF8BItWHsDIyruchnmgeQhKCvMtYCADipZBbeDDrGXOWnVAJJfV+h3+vjcmXNnD7FLqtS9kotk7iuRYH9sESJ1AorYXN0FQyOOXlu8B9xMcZIvEXl3TwNYcsfG9FFQ37NJ+xp3YGD/mUkCC7eyck/E0e993B3TZS7FpzyLa/xAb6CzmLLajViwTfMvUhdi7IkUGgGcR3kJnMCvUdrcfaGUMrukxKwbD41ov4DT094iUupdG9J/UP3dsfBCfXWtQ9Lbu9GwGZNCaxpz9NVw1v35P/Wd8oOMNkKVkzNEavP1uPMD1NdE/tu/gCAhVmfNr826TNgMx4sab9Lvo/R7HtREkcOc3zfE6bdIlque6TayHiNfX2VLc6F7Yr3rnRtscA0YhOOOkXdO7/cR0UKI/6jNavTA96IU9cy5Q== Lenovo@DESKTOP-LN4L6JT",
            "tags": null,
            "tags_all": {}
          },
          "sensitive_attributes": [],
          "private": "eyJzY2hlbWFfdmVyc2lvbiI6IjEifQ=="
        }
      ]
    },
    {
      "mode": "managed",
      "type": "aws_key_pair",
      "name": "web_server_key",
      "provider": "provider[\"registry.terraform.io/hashicorp/aws\"]",
      "instances": [
        {
          "schema_version": 1,
          "attributes": {
            "arn": "arn:aws:ec2:us-west-1:717279704110:key-pair/web-server-key",
            "fingerprint": "63:69:97:d8:db:20:9a:7b:7b:14:d5:81:a0:1c:28:06",
            "id": "web-server-key",
            "key_name": "web-server-key",
            "key_name_prefix": "",
            "key_pair_id": "key-0ec82a06812793ae3",
            "key_type": "rsa",
            "public_key": "ssh-rsa AAAAB3NzaC1yc2EAAAADAQABAAACAQDwrDu08CRfZhHvIGg6leHCJsLj1XqShWKBV1NbuNsIO1HmQRl/dsdUYTJKVDGW7UgoHkMBPVhBxPATMjXESdMw4adSusufmmH4tZoJRhwIbq/Hjfa9eHApzdXBac+7W407rRYZAONR/dAksXoWtpObeGDsX/w78QLERuojC1cLyJuPatpu6V0WRNiUK7SQtQ8lDaf5iO8LK/6uiXbd4T4Tt0vEldIHuU6GQNMU7wNkuaEiZBDvXdCdGVu9AxzUeDcXYq/PSWXQt+NUWBkaxFt1VlzB75QxO/JcV1jK4oWE4yCm3kHXdEg8uRsKS0JhDRz+ec8rS+KojpH3FrIx3pvbkGwxuO6wO5e9Yt7EDgOYLY/KoCqzOhcgvr51pqs/GSR/AXvP3Vc1ZCMhp9Qfr0ohOZDMRAZDdfrbeOrLg+frRfWywNZn2p0LUTucVIAMtA7gN2vJBuQA6C8a5Yx4FNoIommBrE8/tULquaoRPlyBMFL4i6lo9MNuxK/Sg18Z6YphXkCV1Ht7pfdH+At6wH22LfizuaNkny3W1bSJpi6nymU3iv4q/tbOJOcTyJN2YIbKIQIObaH1NIH1S46cyLYssNpDU6xJjbI32HbTqPP3Om2GvwJX6bui43Kjt32Jjkn8jlVcdFqjBK6XkvKHNwKNp8XEdiwdJNmjkckEVfh9vQ== Lenovo@DESKTOP-LN4L6JT",
            "tags": null,
            "tags_all": {}
          },
          "sensitive_attributes": [],
          "private": "eyJzY2hlbWFfdmVyc2lvbiI6IjEifQ=="
        }
      ]
    },
    {
      "mode": "managed",
      "type": "aws_nat_gateway",
      "name": "big_iron_ngw",
      "provider": "provider[\"registry.terraform.io/hashicorp/aws\"]",
      "instances": [
        {
          "schema_version": 0,
          "attributes": {
            "allocation_id": "eipalloc-0ce43cd15d7b138a8",
            "association_id": "eipassoc-0b540347b381a5763",
            "connectivity_type": "public",
            "id": "nat-06749350d9f438f49",
            "network_interface_id": "eni-0ca2fecc2324a4363",
            "private_ip": "10.0.1.39",
            "public_ip": "13.52.28.143",
            "secondary_allocation_ids": null,
            "secondary_private_ip_address_count": 0,
            "secondary_private_ip_addresses": [],
            "subnet_id": "subnet-00621b26440bb767b",
            "tags": {
              "Name": "BigIronNATGateway"
            },
            "tags_all": {
              "Name": "BigIronNATGateway"
            },
            "timeouts": null
          },
          "sensitive_attributes": [],
          "private": "eyJlMmJmYjczMC1lY2FhLTExZTYtOGY4OC0zNDM2M2JjN2M0YzAiOnsiY3JlYXRlIjo2MDAwMDAwMDAwMDAsImRlbGV0ZSI6MTgwMDAwMDAwMDAwMCwidXBkYXRlIjo2MDAwMDAwMDAwMDB9fQ==",
          "dependencies": [
            "aws_eip.nat_eip",
            "aws_subnet.public_subnet",
            "aws_vpc.big_iron_vpc"
          ]
        }
      ]
    },
    {
      "mode": "managed",
      "type": "aws_route_table",
      "name": "private_rt",
      "provider": "provider[\"registry.terraform.io/hashicorp/aws\"]",
      "instances": [
        {
          "schema_version": 0,
          "attributes": {
            "arn": "arn:aws:ec2:us-west-1:717279704110:route-table/rtb-09fc4ba276d08ca29",
            "id": "rtb-09fc4ba276d08ca29",
            "owner_id": "717279704110",
            "propagating_vgws": [],
            "route": [
              {
                "carrier_gateway_id": "",
                "cidr_block": "0.0.0.0/0",
                "core_network_arn": "",
                "destination_prefix_list_id": "",
                "egress_only_gateway_id": "",
                "gateway_id": "",
                "ipv6_cidr_block": "",
                "local_gateway_id": "",
                "nat_gateway_id": "nat-06749350d9f438f49",
                "network_interface_id": "",
                "transit_gateway_id": "",
                "vpc_endpoint_id": "",
                "vpc_peering_connection_id": ""
              }
            ],
            "tags": {
              "Name": "PrivateRouteTable"
            },
            "tags_all": {
              "Name": "PrivateRouteTable"
            },
            "timeouts": null,
            "vpc_id": "vpc-0cbed414207b11ec0"
          },
          "sensitive_attributes": [],
          "private": "eyJlMmJmYjczMC1lY2FhLTExZTYtOGY4OC0zNDM2M2JjN2M0YzAiOnsiY3JlYXRlIjozMDAwMDAwMDAwMDAsImRlbGV0ZSI6MzAwMDAwMDAwMDAwLCJ1cGRhdGUiOjEyMDAwMDAwMDAwMH19",
          "dependencies": [
            "aws_eip.nat_eip",
            "aws_nat_gateway.big_iron_ngw",
            "aws_subnet.public_subnet",
            "aws_vpc.big_iron_vpc"
          ]
        }
      ]
    },
    {
      "mode": "managed",
      "type": "aws_route_table",
      "name": "public_rt",
      "provider": "provider[\"registry.terraform.io/hashicorp/aws\"]",
      "instances": [
        {
          "schema_version": 0,
          "attributes": {
            "arn": "arn:aws:ec2:us-west-1:717279704110:route-table/rtb-0b418fae92faa636f",
            "id": "rtb-0b418fae92faa636f",
            "owner_id": "717279704110",
            "propagating_vgws": [],
            "route": [
              {
                "carrier_gateway_id": "",
                "cidr_block": "0.0.0.0/0",
                "core_network_arn": "",
                "destination_prefix_list_id": "",
                "egress_only_gateway_id": "",
                "gateway_id": "igw-0015514d816ae32f8",
                "ipv6_cidr_block": "",
                "local_gateway_id": "",
                "nat_gateway_id": "",
                "network_interface_id": "",
                "transit_gateway_id": "",
                "vpc_endpoint_id": "",
                "vpc_peering_connection_id": ""
              }
            ],
            "tags": {
              "Name": "PublicRouteTable"
            },
            "tags_all": {
              "Name": "PublicRouteTable"
            },
            "timeouts": null,
            "vpc_id": "vpc-0cbed414207b11ec0"
          },
          "sensitive_attributes": [],
          "private": "eyJlMmJmYjczMC1lY2FhLTExZTYtOGY4OC0zNDM2M2JjN2M0YzAiOnsiY3JlYXRlIjozMDAwMDAwMDAwMDAsImRlbGV0ZSI6MzAwMDAwMDAwMDAwLCJ1cGRhdGUiOjEyMDAwMDAwMDAwMH19",
          "dependencies": [
            "aws_internet_gateway.big_iron_igw",
            "aws_vpc.big_iron_vpc"
          ]
        }
      ]
    },
    {
      "mode": "managed",
      "type": "aws_route_table_association",
      "name": "private_subnet_association",
      "provider": "provider[\"registry.terraform.io/hashicorp/aws\"]",
      "instances": [
        {
          "schema_version": 0,
          "attributes": {
            "gateway_id": "",
            "id": "rtbassoc-0b2df1d0d38b711ba",
            "route_table_id": "rtb-09fc4ba276d08ca29",
            "subnet_id": "subnet-0d97dcc1c0fe4c2e3",
            "timeouts": null
          },
          "sensitive_attributes": [],
          "private": "eyJlMmJmYjczMC1lY2FhLTExZTYtOGY4OC0zNDM2M2JjN2M0YzAiOnsiY3JlYXRlIjozMDAwMDAwMDAwMDAsImRlbGV0ZSI6MzAwMDAwMDAwMDAwLCJ1cGRhdGUiOjEyMDAwMDAwMDAwMH19",
          "dependencies": [
            "aws_eip.nat_eip",
            "aws_nat_gateway.big_iron_ngw",
            "aws_route_table.private_rt",
            "aws_subnet.private_subnet",
            "aws_subnet.public_subnet",
            "aws_vpc.big_iron_vpc"
          ]
        }
      ]
    },
    {
      "mode": "managed",
      "type": "aws_route_table_association",
      "name": "public_subnet_association",
      "provider": "provider[\"registry.terraform.io/hashicorp/aws\"]",
      "instances": [
        {
          "schema_version": 0,
          "attributes": {
            "gateway_id": "",
            "id": "rtbassoc-0455e0f1096d1079d",
            "route_table_id": "rtb-0b418fae92faa636f",
            "subnet_id": "subnet-00621b26440bb767b",
            "timeouts": null
          },
          "sensitive_attributes": [],
          "private": "eyJlMmJmYjczMC1lY2FhLTExZTYtOGY4OC0zNDM2M2JjN2M0YzAiOnsiY3JlYXRlIjozMDAwMDAwMDAwMDAsImRlbGV0ZSI6MzAwMDAwMDAwMDAwLCJ1cGRhdGUiOjEyMDAwMDAwMDAwMH19",
          "dependencies": [
            "aws_internet_gateway.big_iron_igw",
            "aws_route_table.public_rt",
            "aws_subnet.public_subnet",
            "aws_vpc.big_iron_vpc"
          ]
        }
      ]
    },
    {
      "mode": "managed",
      "type": "aws_security_group",
      "name": "bastion_sg",
      "provider": "provider[\"registry.terraform.io/hashicorp/aws\"]",
      "instances": [
        {
          "schema_version": 1,
          "attributes": {
            "arn": "arn:aws:ec2:us-west-1:717279704110:security-group/sg-01c067c3f5a1413cc",
            "description": "Managed by Terraform",
            "egress": [
              {
                "cidr_blocks": [
                  "0.0.0.0/0"
                ],
                "description": "",
                "from_port": 0,
                "ipv6_cidr_blocks": [],
                "prefix_list_ids": [],
                "protocol": "-1",
                "security_groups": [],
                "self": false,
                "to_port": 0
              }
            ],
            "id": "sg-01c067c3f5a1413cc",
            "ingress": [
              {
                "cidr_blocks": [
                  "0.0.0.0/0"
                ],
                "description": "",
                "from_port": 22,
                "ipv6_cidr_blocks": [],
                "prefix_list_ids": [],
                "protocol": "tcp",
                "security_groups": [],
                "self": false,
                "to_port": 22
              }
            ],
            "name": "terraform-20250402202511527000000001",
            "name_prefix": "terraform-",
            "owner_id": "717279704110",
            "revoke_rules_on_delete": false,
            "tags": {
              "Name": "BastionSecurityGroup"
            },
            "tags_all": {
              "Name": "BastionSecurityGroup"
            },
            "timeouts": null,
            "vpc_id": "vpc-0cbed414207b11ec0"
          },
          "sensitive_attributes": [],
          "private": "eyJlMmJmYjczMC1lY2FhLTExZTYtOGY4OC0zNDM2M2JjN2M0YzAiOnsiY3JlYXRlIjo2MDAwMDAwMDAwMDAsImRlbGV0ZSI6OTAwMDAwMDAwMDAwfSwic2NoZW1hX3ZlcnNpb24iOiIxIn0=",
          "dependencies": [
            "aws_vpc.big_iron_vpc"
          ]
        }
      ]
    },
    {
      "mode": "managed",
      "type": "aws_security_group",
      "name": "control_sg",
      "provider": "provider[\"registry.terraform.io/hashicorp/aws\"]",
      "instances": [
        {
          "schema_version": 1,
          "attributes": {
            "arn": "arn:aws:ec2:us-west-1:717279704110:security-group/sg-08aa37537dbc3a1f8",
            "description": "Managed by Terraform",
            "egress": [
              {
                "cidr_blocks": [
                  "0.0.0.0/0"
                ],
                "description": "",
                "from_port": 0,
                "ipv6_cidr_blocks": [],
                "prefix_list_ids": [],
                "protocol": "-1",
                "security_groups": [],
                "self": false,
                "to_port": 0
              }
            ],
            "id": "sg-08aa37537dbc3a1f8",
            "ingress": [
              {
                "cidr_blocks": [
                  "0.0.0.0/0"
                ],
                "description": "",
                "from_port": 22,
                "ipv6_cidr_blocks": [],
                "prefix_list_ids": [],
                "protocol": "tcp",
                "security_groups": [],
                "self": false,
                "to_port": 22
              }
            ],
            "name": "terraform-20250402202511527000000002",
            "name_prefix": "terraform-",
            "owner_id": "717279704110",
            "revoke_rules_on_delete": false,
            "tags": {
              "Name": "ControlServerSecurityGroup"
            },
            "tags_all": {
              "Name": "ControlServerSecurityGroup"
            },
            "timeouts": null,
            "vpc_id": "vpc-0cbed414207b11ec0"
          },
          "sensitive_attributes": [],
          "private": "eyJlMmJmYjczMC1lY2FhLTExZTYtOGY4OC0zNDM2M2JjN2M0YzAiOnsiY3JlYXRlIjo2MDAwMDAwMDAwMDAsImRlbGV0ZSI6OTAwMDAwMDAwMDAwfSwic2NoZW1hX3ZlcnNpb24iOiIxIn0=",
          "dependencies": [
            "aws_vpc.big_iron_vpc"
          ]
        }
      ]
    },
    {
      "mode": "managed",
      "type": "aws_security_group",
      "name": "nginx_sg",
      "provider": "provider[\"registry.terraform.io/hashicorp/aws\"]",
      "instances": [
        {
          "schema_version": 1,
          "attributes": {
            "arn": "arn:aws:ec2:us-west-1:717279704110:security-group/sg-021d93745a966f80f",
            "description": "Managed by Terraform",
            "egress": [
              {
                "cidr_blocks": [
                  "0.0.0.0/0"
                ],
                "description": "",
                "from_port": 0,
                "ipv6_cidr_blocks": [],
                "prefix_list_ids": [],
                "protocol": "-1",
                "security_groups": [],
                "self": false,
                "to_port": 0
              }
            ],
            "id": "sg-021d93745a966f80f",
            "ingress": [
              {
                "cidr_blocks": [
                  "0.0.0.0/0"
                ],
                "description": "",
                "from_port": 22,
                "ipv6_cidr_blocks": [],
                "prefix_list_ids": [],
                "protocol": "tcp",
                "security_groups": [],
                "self": false,
                "to_port": 22
              },
              {
                "cidr_blocks": [
                  "0.0.0.0/0"
                ],
                "description": "",
                "from_port": 80,
                "ipv6_cidr_blocks": [
                  "::/0"
                ],
                "prefix_list_ids": [],
                "protocol": "tcp",
                "security_groups": [],
                "self": false,
                "to_port": 80
              }
            ],
            "name": "terraform-20250402202511527500000003",
            "name_prefix": "terraform-",
            "owner_id": "717279704110",
            "revoke_rules_on_delete": false,
            "tags": {
              "Name": "NginxSecurityGroup"
            },
            "tags_all": {
              "Name": "NginxSecurityGroup"
            },
            "timeouts": null,
            "vpc_id": "vpc-0cbed414207b11ec0"
          },
          "sensitive_attributes": [],
          "private": "eyJlMmJmYjczMC1lY2FhLTExZTYtOGY4OC0zNDM2M2JjN2M0YzAiOnsiY3JlYXRlIjo2MDAwMDAwMDAwMDAsImRlbGV0ZSI6OTAwMDAwMDAwMDAwfSwic2NoZW1hX3ZlcnNpb24iOiIxIn0=",
          "dependencies": [
            "aws_vpc.big_iron_vpc"
          ]
        }
      ]
    },
    {
      "mode": "managed",
      "type": "aws_security_group",
      "name": "web_sg",
      "provider": "provider[\"registry.terraform.io/hashicorp/aws\"]",
      "instances": [
        {
          "schema_version": 1,
          "attributes": {
            "arn": "arn:aws:ec2:us-west-1:717279704110:security-group/sg-0cf55ea152df0deed",
            "description": "Managed by Terraform",
            "egress": [
              {
                "cidr_blocks": [
                  "0.0.0.0/0"
                ],
                "description": "",
                "from_port": 0,
                "ipv6_cidr_blocks": [
                  "::/0"
                ],
                "prefix_list_ids": [],
                "protocol": "-1",
                "security_groups": [],
                "self": false,
                "to_port": 0
              }
            ],
            "id": "sg-0cf55ea152df0deed",
            "ingress": [
              {
                "cidr_blocks": [],
                "description": "",
                "from_port": 22,
                "ipv6_cidr_blocks": [],
                "prefix_list_ids": [],
                "protocol": "tcp",
                "security_groups": [
                  "sg-01c067c3f5a1413cc"
                ],
                "self": false,
                "to_port": 22
              },
              {
                "cidr_blocks": [],
                "description": "",
                "from_port": 80,
                "ipv6_cidr_blocks": [],
                "prefix_list_ids": [],
                "protocol": "tcp",
                "security_groups": [
                  "sg-021d93745a966f80f"
                ],
                "self": false,
                "to_port": 80
              }
            ],
            "name": "terraform-20250402202515886800000005",
            "name_prefix": "terraform-",
            "owner_id": "717279704110",
            "revoke_rules_on_delete": false,
            "tags": {
              "Name": "WebServerSecurityGroup"
            },
            "tags_all": {
              "Name": "WebServerSecurityGroup"
            },
            "timeouts": null,
            "vpc_id": "vpc-0cbed414207b11ec0"
          },
          "sensitive_attributes": [],
          "private": "eyJlMmJmYjczMC1lY2FhLTExZTYtOGY4OC0zNDM2M2JjN2M0YzAiOnsiY3JlYXRlIjo2MDAwMDAwMDAwMDAsImRlbGV0ZSI6OTAwMDAwMDAwMDAwfSwic2NoZW1hX3ZlcnNpb24iOiIxIn0=",
          "dependencies": [
            "aws_security_group.bastion_sg",
            "aws_security_group.nginx_sg",
            "aws_vpc.big_iron_vpc"
          ]
        }
      ]
    },
    {
      "mode": "managed",
      "type": "aws_subnet",
      "name": "private_subnet",
      "provider": "provider[\"registry.terraform.io/hashicorp/aws\"]",
      "instances": [
        {
          "schema_version": 1,
          "attributes": {
            "arn": "arn:aws:ec2:us-west-1:717279704110:subnet/subnet-0d97dcc1c0fe4c2e3",
            "assign_ipv6_address_on_creation": false,
            "availability_zone": "us-west-1a",
            "availability_zone_id": "usw1-az1",
            "cidr_block": "10.0.2.0/24",
            "customer_owned_ipv4_pool": "",
            "enable_dns64": false,
            "enable_lni_at_device_index": 0,
            "enable_resource_name_dns_a_record_on_launch": false,
            "enable_resource_name_dns_aaaa_record_on_launch": false,
            "id": "subnet-0d97dcc1c0fe4c2e3",
            "ipv6_cidr_block": "",
            "ipv6_cidr_block_association_id": "",
            "ipv6_native": false,
            "map_customer_owned_ip_on_launch": false,
            "map_public_ip_on_launch": false,
            "outpost_arn": "",
            "owner_id": "717279704110",
            "private_dns_hostname_type_on_launch": "ip-name",
            "tags": {
              "Name": "PrivateSubnet"
            },
            "tags_all": {
              "Name": "PrivateSubnet"
            },
            "timeouts": null,
            "vpc_id": "vpc-0cbed414207b11ec0"
          },
          "sensitive_attributes": [],
          "private": "eyJlMmJmYjczMC1lY2FhLTExZTYtOGY4OC0zNDM2M2JjN2M0YzAiOnsiY3JlYXRlIjo2MDAwMDAwMDAwMDAsImRlbGV0ZSI6MTIwMDAwMDAwMDAwMH0sInNjaGVtYV92ZXJzaW9uIjoiMSJ9",
          "dependencies": [
            "aws_vpc.big_iron_vpc"
          ]
        }
      ]
    },
    {
      "mode": "managed",
      "type": "aws_subnet",
      "name": "public_subnet",
      "provider": "provider[\"registry.terraform.io/hashicorp/aws\"]",
      "instances": [
        {
          "schema_version": 1,
          "attributes": {
            "arn": "arn:aws:ec2:us-west-1:717279704110:subnet/subnet-00621b26440bb767b",
            "assign_ipv6_address_on_creation": false,
            "availability_zone": "us-west-1a",
            "availability_zone_id": "usw1-az1",
            "cidr_block": "10.0.1.0/24",
            "customer_owned_ipv4_pool": "",
            "enable_dns64": false,
            "enable_lni_at_device_index": 0,
            "enable_resource_name_dns_a_record_on_launch": false,
            "enable_resource_name_dns_aaaa_record_on_launch": false,
            "id": "subnet-00621b26440bb767b",
            "ipv6_cidr_block": "",
            "ipv6_cidr_block_association_id": "",
            "ipv6_native": false,
            "map_customer_owned_ip_on_launch": false,
            "map_public_ip_on_launch": true,
            "outpost_arn": "",
            "owner_id": "717279704110",
            "private_dns_hostname_type_on_launch": "ip-name",
            "tags": {
              "Name": "PublicSubnet"
            },
            "tags_all": {
              "Name": "PublicSubnet"
            },
            "timeouts": null,
            "vpc_id": "vpc-0cbed414207b11ec0"
          },
          "sensitive_attributes": [],
          "private": "eyJlMmJmYjczMC1lY2FhLTExZTYtOGY4OC0zNDM2M2JjN2M0YzAiOnsiY3JlYXRlIjo2MDAwMDAwMDAwMDAsImRlbGV0ZSI6MTIwMDAwMDAwMDAwMH0sInNjaGVtYV92ZXJzaW9uIjoiMSJ9",
          "dependencies": [
            "aws_vpc.big_iron_vpc"
          ]
        }
      ]
    },
    {
      "mode": "managed",
      "type": "aws_vpc",
      "name": "big_iron_vpc",
      "provider": "provider[\"registry.terraform.io/hashicorp/aws\"]",
      "instances": [
        {
          "schema_version": 1,
          "attributes": {
            "arn": "arn:aws:ec2:us-west-1:717279704110:vpc/vpc-0cbed414207b11ec0",
            "assign_generated_ipv6_cidr_block": false,
            "cidr_block": "10.0.0.0/16",
            "default_network_acl_id": "acl-0e04023a3a3089b64",
            "default_route_table_id": "rtb-0c0d86558eda596c3",
            "default_security_group_id": "sg-0663338154d393043",
            "dhcp_options_id": "dopt-0a83b2ef1263b8037",
            "enable_dns_hostnames": true,
            "enable_dns_support": true,
            "enable_network_address_usage_metrics": false,
            "id": "vpc-0cbed414207b11ec0",
            "instance_tenancy": "default",
            "ipv4_ipam_pool_id": null,
            "ipv4_netmask_length": null,
            "ipv6_association_id": "",
            "ipv6_cidr_block": "",
            "ipv6_cidr_block_network_border_group": "",
            "ipv6_ipam_pool_id": "",
            "ipv6_netmask_length": 0,
            "main_route_table_id": "rtb-0c0d86558eda596c3",
            "owner_id": "717279704110",
            "tags": {
              "Name": "BigIronVPC"
            },
            "tags_all": {
              "Name": "BigIronVPC"
            }
          },
          "sensitive_attributes": [],
          "private": "eyJzY2hlbWFfdmVyc2lvbiI6IjEifQ=="
        }
      ]
    },
    {
      "mode": "managed",
      "type": "local_file",
      "name": "ansible_group_vars_all",
      "provider": "provider[\"registry.terraform.io/hashicorp/local\"]",
      "instances": [
        {
          "schema_version": 0,
          "attributes": {
            "content": "nginx_public_ip: \"3.101.58.109\"\r\nbastion_private_ip: \"10.0.1.92\"\r\nwebserver_private_ip: \"10.0.2.181\"\r\ncontrol_server_private_ip: \"10.0.1.231\"\r\ncontrol_server_public_ip: \"13.56.59.138\"\r\n",
            "content_base64": null,
            "content_base64sha256": "zG3owKTxum1yid4itJkW80IHTQ7FrgbHFKW5YPkvQLE=",
            "content_base64sha512": "LOxE5/DDIo/H7nZxtiH+CRRdBw78D5aBTNfGdVKiIwQzvoH4f3HA3l0FZJ+w5x2T/vUrRmKgdoake5a9E4n1ww==",
            "content_md5": "1ac7f09d46619c63490e31fb8a209cec",
            "content_sha1": "296624476c7f8c7d6c13015254ca51842279fa37",
            "content_sha256": "cc6de8c0a4f1ba6d7289de22b49916f342074d0ec5ae06c714a5b960f92f40b1",
            "content_sha512": "2cec44e7f0c3228fc7ee7671b621fe09145d070efc0f96814cd7c67552a2230433be81f87f71c0de5d05649fb0e71d93fef52b4662a07686a47b96bd1389f5c3",
            "directory_permission": "0777",
            "file_permission": "0777",
            "filename": "./ansible_files/group_vars/all.yml",
            "id": "296624476c7f8c7d6c13015254ca51842279fa37",
            "sensitive_content": null,
            "source": null
          },
          "sensitive_attributes": [
            [
              {
                "type": "get_attr",
                "value": "sensitive_content"
              }
            ]
          ],
          "dependencies": [
            "aws_iam_instance_profile.control_server_profile",
            "aws_instance.bastion-server",
            "aws_instance.control-server",
            "aws_instance.nginx-server",
            "aws_instance.web-server",
            "aws_security_group.bastion_sg",
            "aws_security_group.control_sg",
            "aws_security_group.nginx_sg",
            "aws_security_group.web_sg",
            "aws_subnet.private_subnet",
            "aws_subnet.public_subnet",
            "aws_vpc.big_iron_vpc",
            "data.template_file.all_yml"
          ]
        }
      ]
    },
    {
      "mode": "managed",
      "type": "local_file",
      "name": "ansible_inventory_ini",
      "provider": "provider[\"registry.terraform.io/hashicorp/local\"]",
      "instances": [
        {
          "schema_version": 0,
          "attributes": {
            "content": "all:\r\n  vars:\r\n    ansible_python_interpreter: /usr/bin/python3\r\n\r\n  children:\r\n    bastion:\r\n      hosts:\r\n        bastion:\r\n          ansible_host: 10.0.1.92\r\n          ansible_user: ubuntu\r\n          ansible_ssh_private_key_file: ./keys/bastion_key\r\n\r\n    nginx:\r\n      hosts:\r\n        nginx:\r\n          ansible_host: 3.101.58.109\r\n          ansible_user: ubuntu\r\n          ansible_ssh_private_key_file: ./keys/nginx_key\r\n\r\n    webservers:\r\n      hosts:\r\n        webserver:\r\n          ansible_host: 10.0.2.181\r\n          ansible_user: ec2-user\r\n          ansible_ssh_private_key_file: ./keys/web_server_key\r\n          ansible_ssh_common_args: '-o ProxyCommand=\"ssh -W %h:%p -q ubuntu@10.0.1.92 -o StrictHostKeyChecking=no -i ./keys/bastion_key\"'\r\n",
            "content_base64": null,
            "content_base64sha256": "HJJBnaC3JzsKbsf0bFfwJxA2hE/9jxDcH4Ceg6oFK5Q=",
            "content_base64sha512": "pxpu9Iyi7nMKC9XJHk9oDFK/D6Bb9a/1JlrNePJ2x/FYAuLxRgl0P8xj2I+BSngA8oz+CVbcRLVuJvkJH6oh6w==",
            "content_md5": "38ab994604e26d758e889dbb7f93f562",
            "content_sha1": "ded0bb96c19b418aec7c9d9dca3f635d30637204",
            "content_sha256": "1c92419da0b7273b0a6ec7f46c57f0271036844ffd8f10dc1f809e83aa052b94",
            "content_sha512": "a71a6ef48ca2ee730a0bd5c91e4f680c52bf0fa05bf5aff5265acd78f276c7f15802e2f14609743fcc63d88f814a7800f28cfe0956dc44b56e26f9091faa21eb",
            "directory_permission": "0777",
            "file_permission": "0777",
            "filename": "./ansible_files/inventory.yml",
            "id": "ded0bb96c19b418aec7c9d9dca3f635d30637204",
            "sensitive_content": null,
            "source": null
          },
          "sensitive_attributes": [
            [
              {
                "type": "get_attr",
                "value": "sensitive_content"
              }
            ]
          ],
          "dependencies": [
            "aws_iam_instance_profile.control_server_profile",
            "aws_instance.bastion-server",
            "aws_instance.control-server",
            "aws_instance.nginx-server",
            "aws_instance.web-server",
            "aws_security_group.bastion_sg",
            "aws_security_group.control_sg",
            "aws_security_group.nginx_sg",
            "aws_security_group.web_sg",
            "aws_subnet.private_subnet",
            "aws_subnet.public_subnet",
            "aws_vpc.big_iron_vpc",
            "data.template_file.inventory_ini"
          ]
        }
      ]
    },
    {
      "mode": "managed",
      "type": "null_resource",
      "name": "provision_control_server",
      "provider": "provider[\"registry.terraform.io/hashicorp/null\"]",
      "instances": [
        {
          "schema_version": 0,
          "attributes": {
            "id": "3265616944360183341",
            "triggers": null
          },
          "sensitive_attributes": [],
          "dependencies": [
            "aws_iam_instance_profile.control_server_profile",
            "aws_instance.bastion-server",
            "aws_instance.control-server",
            "aws_instance.nginx-server",
            "aws_instance.web-server",
            "aws_security_group.bastion_sg",
            "aws_security_group.control_sg",
            "aws_security_group.nginx_sg",
            "aws_security_group.web_sg",
            "aws_subnet.private_subnet",
            "aws_subnet.public_subnet",
            "aws_vpc.big_iron_vpc",
            "data.template_file.all_yml",
            "data.template_file.inventory_ini",
            "local_file.ansible_group_vars_all",
            "local_file.ansible_inventory_ini"
          ]
        }
      ]
    },
    {
      "mode": "managed",
      "type": "null_resource",
      "name": "start_ansible",
      "provider": "provider[\"registry.terraform.io/hashicorp/null\"]",
      "instances": [
        {
          "schema_version": 0,
          "attributes": {
            "id": "8767771305454350132",
            "triggers": null
          },
          "sensitive_attributes": [],
          "dependencies": [
            "aws_iam_instance_profile.control_server_profile",
            "aws_instance.bastion-server",
            "aws_instance.control-server",
            "aws_instance.nginx-server",
            "aws_instance.web-server",
            "aws_security_group.bastion_sg",
            "aws_security_group.control_sg",
            "aws_security_group.nginx_sg",
            "aws_security_group.web_sg",
            "aws_subnet.private_subnet",
            "aws_subnet.public_subnet",
            "aws_vpc.big_iron_vpc",
            "data.template_file.all_yml",
            "data.template_file.inventory_ini",
            "local_file.ansible_group_vars_all",
            "local_file.ansible_inventory_ini",
            "null_resource.provision_control_server"
          ]
        }
      ]
    }
  ],
  "check_results": null
}
